
Microsoft Visual Studio Solution File, Format Version 12.00
# Visual Studio Version 17
VisualStudioVersion = 17.8.34511.84
MinimumVisualStudioVersion = 10.0.40219.1
Project("{FAE04EC0-301F-11D3-BF4B-00C04F79EFBC}") = "blog", "blog.csproj", "{3F3B5B27-C789-43A7-989E-7C2DA810748D}"
EndProject
Global
	GlobalSection(SolutionConfigurationPlatforms) = preSolution
		Debug|Any CPU = Debug|Any CPU
		Release|Any CPU = Release|Any CPU
	EndGlobalSection
	GlobalSection(ProjectConfigurationPlatforms) = postSolution
		{3F3B5B27-C789-43A7-989E-7C2DA810748D}.Debug|Any CPU.ActiveCfg = Debug|Any CPU
		{3F3B5B27-C789-43A7-989E-7C2DA810748D}.Debug|Any CPU.Build.0 = Debug|Any CPU
		{3F3B5B27-C789-43A7-989E-7C2DA810748D}.Release|Any CPU.ActiveCfg = Release|Any CPU
		{3F3B5B27-C789-43A7-989E-7C2DA810748D}.Release|Any CPU.Build.0 = Release|Any CPU
	EndGlobalSection
	GlobalSection(SolutionProperties) = preSolution
		HideSolutionNode = FALSE
	EndGlobalSection
	GlobalSection(ExtensibilityGlobals) = postSolution
		SolutionGuid = {35AC8BE1-8327-4F22-9798-901713F088A1}
	EndGlobalSection
EndGlobal
